// !$*UTF8*$!
{
	archiveVersion = 1;
	classes = {
	};
	objectVersion = 55;
	objects = {

/* Begin PBXBuildFile section */
		2B1485A427FC771C00D1C0CD /* vid_1_blended.mp4 in Resources */ = {isa = PBXBuildFile; fileRef = 2B1485A327FC771C00D1C0CD /* vid_1_blended.mp4 */; };
		2B1485A627FCA1D600D1C0CD /* PolygonButton.swift in Sources */ = {isa = PBXBuildFile; fileRef = 2B1485A527FCA1D600D1C0CD /* PolygonButton.swift */; };
		2B1485A827FCB8D100D1C0CD /* polygons_vid_1.json in Resources */ = {isa = PBXBuildFile; fileRef = 2B1485A727FCB8D100D1C0CD /* polygons_vid_1.json */; };
		2B1485AA27FCB8DA00D1C0CD /* label_dictionary.json in Resources */ = {isa = PBXBuildFile; fileRef = 2B1485A927FCB8DA00D1C0CD /* label_dictionary.json */; };
		2B22713F27FCC01B007AEF20 /* UIViewExtension.swift in Sources */ = {isa = PBXBuildFile; fileRef = 2B22713E27FCC01B007AEF20 /* UIViewExtension.swift */; };
		2BC8F37527FB6E7400C2B92F /* AppDelegate.swift in Sources */ = {isa = PBXBuildFile; fileRef = 2BC8F37427FB6E7400C2B92F /* AppDelegate.swift */; };
		2BC8F37727FB6E7400C2B92F /* SceneDelegate.swift in Sources */ = {isa = PBXBuildFile; fileRef = 2BC8F37627FB6E7400C2B92F /* SceneDelegate.swift */; };
		2BC8F37927FB6E7400C2B92F /* ViewController.swift in Sources */ = {isa = PBXBuildFile; fileRef = 2BC8F37827FB6E7400C2B92F /* ViewController.swift */; };
		2BC8F37C27FB6E7400C2B92F /* Main.storyboard in Resources */ = {isa = PBXBuildFile; fileRef = 2BC8F37A27FB6E7400C2B92F /* Main.storyboard */; };
		2BC8F37E27FB6E7500C2B92F /* Assets.xcassets in Resources */ = {isa = PBXBuildFile; fileRef = 2BC8F37D27FB6E7500C2B92F /* Assets.xcassets */; };
		2BC8F38127FB6E7500C2B92F /* LaunchScreen.storyboard in Resources */ = {isa = PBXBuildFile; fileRef = 2BC8F37F27FB6E7500C2B92F /* LaunchScreen.storyboard */; };
/* End PBXBuildFile section */

/* Begin PBXFileReference section */
		2B1485A327FC771C00D1C0CD /* vid_1_blended.mp4 */ = {isa = PBXFileReference; lastKnownFileType = file; name = vid_1_blended.mp4; path = ../../../../../../Downloads/vid_1/vid_1_blended.mp4; sourceTree = "<group>"; };
		2B1485A527FCA1D600D1C0CD /* PolygonButton.swift */ = {isa = PBXFileReference; lastKnownFileType = sourcecode.swift; path = PolygonButton.swift; sourceTree = "<group>"; };
		2B1485A727FCB8D100D1C0CD /* polygons_vid_1.json */ = {isa = PBXFileReference; fileEncoding = 4; lastKnownFileType = text.json; name = polygons_vid_1.json; path = ../../../../../../Downloads/vid_1/polygons_vid_1.json; sourceTree = "<group>"; };
		2B1485A927FCB8DA00D1C0CD /* label_dictionary.json */ = {isa = PBXFileReference; fileEncoding = 4; lastKnownFileType = text.json; name = label_dictionary.json; path = ../../../../../../Downloads/vid_1/label_dictionary.json; sourceTree = "<group>"; };
		2B22713E27FCC01B007AEF20 /* UIViewExtension.swift */ = {isa = PBXFileReference; lastKnownFileType = sourcecode.swift; path = UIViewExtension.swift; sourceTree = "<group>"; };
		2BC8F37127FB6E7400C2B92F /* GTASemanticAudio.app */ = {isa = PBXFileReference; explicitFileType = wrapper.application; includeInIndex = 0; path = GTASemanticAudio.app; sourceTree = BUILT_PRODUCTS_DIR; };
		2BC8F37427FB6E7400C2B92F /* AppDelegate.swift */ = {isa = PBXFileReference; lastKnownFileType = sourcecode.swift; path = AppDelegate.swift; sourceTree = "<group>"; };
		2BC8F37627FB6E7400C2B92F /* SceneDelegate.swift */ = {isa = PBXFileReference; lastKnownFileType = sourcecode.swift; path = SceneDelegate.swift; sourceTree = "<group>"; };
		2BC8F37827FB6E7400C2B92F /* ViewController.swift */ = {isa = PBXFileReference; lastKnownFileType = sourcecode.swift; path = ViewController.swift; sourceTree = "<group>"; };
		2BC8F37B27FB6E7400C2B92F /* Base */ = {isa = PBXFileReference; lastKnownFileType = file.storyboard; name = Base; path = Base.lproj/Main.storyboard; sourceTree = "<group>"; };
		2BC8F37D27FB6E7500C2B92F /* Assets.xcassets */ = {isa = PBXFileReference; lastKnownFileType = folder.assetcatalog; path = Assets.xcassets; sourceTree = "<group>"; };
		2BC8F38027FB6E7500C2B92F /* Base */ = {isa = PBXFileReference; lastKnownFileType = file.storyboard; name = Base; path = Base.lproj/LaunchScreen.storyboard; sourceTree = "<group>"; };
		2BC8F38227FB6E7500C2B92F /* Info.plist */ = {isa = PBXFileReference; lastKnownFileType = text.plist.xml; path = Info.plist; sourceTree = "<group>"; };
/* End PBXFileReference section */

/* Begin PBXFrameworksBuildPhase section */
		2BC8F36E27FB6E7400C2B92F /* Frameworks */ = {
			isa = PBXFrameworksBuildPhase;
			buildActionMask = 2147483647;
			files = (
			);
			runOnlyForDeploymentPostprocessing = 0;
		};
/* End PBXFrameworksBuildPhase section */

/* Begin PBXGroup section */
		2BC8F36827FB6E7400C2B92F = {
			isa = PBXGroup;
			children = (
				2BC8F37327FB6E7400C2B92F /* GTASemanticAudio */,
				2BC8F37227FB6E7400C2B92F /* Products */,
			);
			sourceTree = "<group>";
		};
		2BC8F37227FB6E7400C2B92F /* Products */ = {
			isa = PBXGroup;
			children = (
				2BC8F37127FB6E7400C2B92F /* GTASemanticAudio.app */,
			);
			name = Products;
			sourceTree = "<group>";
		};
		2BC8F37327FB6E7400C2B92F /* GTASemanticAudio */ = {
			isa = PBXGroup;
			children = (
				2B1485A927FCB8DA00D1C0CD /* label_dictionary.json */,
				2B1485A727FCB8D100D1C0CD /* polygons_vid_1.json */,
				2B1485A327FC771C00D1C0CD /* vid_1_blended.mp4 */,
				2BC8F37427FB6E7400C2B92F /* AppDelegate.swift */,
				2BC8F37627FB6E7400C2B92F /* SceneDelegate.swift */,
				2BC8F37827FB6E7400C2B92F /* ViewController.swift */,
				2BC8F37A27FB6E7400C2B92F /* Main.storyboard */,
				2BC8F37D27FB6E7500C2B92F /* Assets.xcassets */,
				2BC8F37F27FB6E7500C2B92F /* LaunchScreen.storyboard */,
				2BC8F38227FB6E7500C2B92F /* Info.plist */,
				2B1485A527FCA1D600D1C0CD /* PolygonButton.swift */,
				2B22713E27FCC01B007AEF20 /* UIViewExtension.swift */,
			);
			path = GTASemanticAudio;
			sourceTree = "<group>";
		};
/* End PBXGroup section */

/* Begin PBXNativeTarget section */
		2BC8F37027FB6E7400C2B92F /* GTASemanticAudio */ = {
			isa = PBXNativeTarget;
			buildConfigurationList = 2BC8F38527FB6E7500C2B92F /* Build configuration list for PBXNativeTarget "GTASemanticAudio" */;
			buildPhases = (
				2BC8F36D27FB6E7400C2B92F /* Sources */,
				2BC8F36E27FB6E7400C2B92F /* Frameworks */,
				2BC8F36F27FB6E7400C2B92F /* Resources */,
			);
			buildRules = (
			);
			dependencies = (
			);
			name = GTASemanticAudio;
			productName = GTASemanticAudio;
			productReference = 2BC8F37127FB6E7400C2B92F /* GTASemanticAudio.app */;
			productType = "com.apple.product-type.application";
		};
/* End PBXNativeTarget section */

/* Begin PBXProject section */
		2BC8F36927FB6E7400C2B92F /* Project object */ = {
			isa = PBXProject;
			attributes = {
				BuildIndependentTargetsInParallel = 1;
				LastSwiftUpdateCheck = 1330;
				LastUpgradeCheck = 1330;
				TargetAttributes = {
					2BC8F37027FB6E7400C2B92F = {
						CreatedOnToolsVersion = 13.3;
					};
				};
			};
			buildConfigurationList = 2BC8F36C27FB6E7400C2B92F /* Build configuration list for PBXProject "GTASemanticAudio" */;
			compatibilityVersion = "Xcode 13.0";
			developmentRegion = en;
			hasScannedForEncodings = 0;
			knownRegions = (
				en,
				Base,
			);
			mainGroup = 2BC8F36827FB6E7400C2B92F;
			productRefGroup = 2BC8F37227FB6E7400C2B92F /* Products */;
			projectDirPath = "";
			projectRoot = "";
			targets = (
				2BC8F37027FB6E7400C2B92F /* GTASemanticAudio */,
			);
		};
/* End PBXProject section */

/* Begin PBXResourcesBuildPhase section */
		2BC8F36F27FB6E7400C2B92F /* Resources */ = {
			isa = PBXResourcesBuildPhase;
			buildActionMask = 2147483647;
			files = (
				2B1485A427FC771C00D1C0CD /* vid_1_blended.mp4 in Resources */,
				2BC8F38127FB6E7500C2B92F /* LaunchScreen.storyboard in Resources */,
				2B1485AA27FCB8DA00D1C0CD /* label_dictionary.json in Resources */,
				2B1485A827FCB8D100D1C0CD /* polygons_vid_1.json in Resources */,
				2BC8F37E27FB6E7500C2B92F /* Assets.xcassets in Resources */,
				2BC8F37C27FB6E7400C2B92F /* Main.storyboard in Resources */,
			);
			runOnlyForDeploymentPostprocessing = 0;
		};
/* End PBXResourcesBuildPhase section */

/* Begin PBXSourcesBuildPhase section */
		2BC8F36D27FB6E7400C2B92F /* Sources */ = {
			isa = PBXSourcesBuildPhase;
			buildActionMask = 2147483647;
			files = (
				2B22713F27FCC01B007AEF20 /* UIViewExtension.swift in Sources */,
				2BC8F37927FB6E7400C2B92F /* ViewController.swift in Sources */,
				2BC8F37527FB6E7400C2B92F /* AppDelegate.swift in Sources */,
				2B1485A627FCA1D600D1C0CD /* PolygonButton.swift in Sources */,
				2BC8F37727FB6E7400C2B92F /* SceneDelegate.swift in Sources */,
			);
			runOnlyForDeploymentPostprocessing = 0;
		};
/* End PBXSourcesBuildPhase section */

/* Begin PBXVariantGroup section */
		2BC8F37A27FB6E7400C2B92F /* Main.storyboard */ = {
			isa = PBXVariantGroup;
			children = (
				2BC8F37B27FB6E7400C2B92F /* Base */,
			);
			name = Main.storyboard;
			sourceTree = "<group>";
		};
		2BC8F37F27FB6E7500C2B92F /* LaunchScreen.storyboard */ = {
			isa = PBXVariantGroup;
			children = (
				2BC8F38027FB6E7500C2B92F /* Base */,
			);
			name = LaunchScreen.storyboard;
			sourceTree = "<group>";
		};
/* End PBXVariantGroup section */

/* Begin XCBuildConfiguration section */
		2BC8F38327FB6E7500C2B92F /* Debug */ = {
			isa = XCBuildConfiguration;
			buildSettings = {
				ALWAYS_SEARCH_USER_PATHS = NO;
				CLANG_ANALYZER_NONNULL = YES;
				CLANG_ANALYZER_NUMBER_OBJECT_CONVERSION = YES_AGGRESSIVE;
				CLANG_CXX_LANGUAGE_STANDARD = "gnu++17";
				CLANG_ENABLE_MODULES = YES;
				CLANG_ENABLE_OBJC_ARC = YES;
				CLANG_ENABLE_OBJC_WEAK = YES;
				CLANG_WARN_BLOCK_CAPTURE_AUTORELEASING = YES;
				CLANG_WARN_BOOL_CONVERSION = YES;
				CLANG_WARN_COMMA = YES;
				CLANG_WARN_CONSTANT_CONVERSION = YES;
				CLANG_WARN_DEPRECATED_OBJC_IMPLEMENTATIONS = YES;
				CLANG_WARN_DIRECT_OBJC_ISA_USAGE = YES_ERROR;
				CLANG_WARN_DOCUMENTATION_COMMENTS = YES;
				CLANG_WARN_EMPTY_BODY = YES;
				CLANG_WARN_ENUM_CONVERSION = YES;
				CLANG_WARN_INFINITE_RECURSION = YES;
				CLANG_WARN_INT_CONVERSION = YES;
				CLANG_WARN_NON_LITERAL_NULL_CONVERSION = YES;
				CLANG_WARN_OBJC_IMPLICIT_RETAIN_SELF = YES;
				CLANG_WARN_OBJC_LITERAL_CONVERSION = YES;
				CLANG_WARN_OBJC_ROOT_CLASS = YES_ERROR;
				CLANG_WARN_QUOTED_INCLUDE_IN_FRAMEWORK_HEADER = YES;
				CLANG_WARN_RANGE_LOOP_ANALYSIS = YES;
				CLANG_WARN_STRICT_PROTOTYPES = YES;
				CLANG_WARN_SUSPICIOUS_MOVE = YES;
				CLANG_WARN_UNGUARDED_AVAILABILITY = YES_AGGRESSIVE;
				CLANG_WARN_UNREACHABLE_CODE = YES;
				CLANG_WARN__DUPLICATE_METHOD_MATCH = YES;
				COPY_PHASE_STRIP = NO;
				DEBUG_INFORMATION_FORMAT = dwarf;
				ENABLE_STRICT_OBJC_MSGSEND = YES;
				ENABLE_TESTABILITY = YES;
				GCC_C_LANGUAGE_STANDARD = gnu11;
				GCC_DYNAMIC_NO_PIC = NO;
				GCC_NO_COMMON_BLOCKS = YES;
				GCC_OPTIMIZATION_LEVEL = 0;
				GCC_PREPROCESSOR_DEFINITIONS = (
					"DEBUG=1",
					"$(inherited)",
				);
				GCC_WARN_64_TO_32_BIT_CONVERSION = YES;
				GCC_WARN_ABOUT_RETURN_TYPE = YES_ERROR;
				GCC_WARN_UNDECLARED_SELECTOR = YES;
				GCC_WARN_UNINITIALIZED_AUTOS = YES_AGGRESSIVE;
				GCC_WARN_UNUSED_FUNCTION = YES;
				GCC_WARN_UNUSED_VARIABLE = YES;
				IPHONEOS_DEPLOYMENT_TARGET = 15.4;
				MTL_ENABLE_DEBUG_INFO = INCLUDE_SOURCE;
				MTL_FAST_MATH = YES;
				ONLY_ACTIVE_ARCH = YES;
				SDKROOT = iphoneos;
				SWIFT_ACTIVE_COMPILATION_CONDITIONS = DEBUG;
				SWIFT_OPTIMIZATION_LEVEL = "-Onone";
			};
			name = Debug;
		};
		2BC8F38427FB6E7500C2B92F /* Release */ = {
			isa = XCBuildConfiguration;
			buildSettings = {
				ALWAYS_SEARCH_USER_PATHS = NO;
				CLANG_ANALYZER_NONNULL = YES;
				CLANG_ANALYZER_NUMBER_OBJECT_CONVERSION = YES_AGGRESSIVE;
				CLANG_CXX_LANGUAGE_STANDARD = "gnu++17";
				CLANG_ENABLE_MODULES = YES;
				CLANG_ENABLE_OBJC_ARC = YES;
				CLANG_ENABLE_OBJC_WEAK = YES;
				CLANG_WARN_BLOCK_CAPTURE_AUTORELEASING = YES;
				CLANG_WARN_BOOL_CONVERSION = YES;
				CLANG_WARN_COMMA = YES;
				CLANG_WARN_CONSTANT_CONVERSION = YES;
				CLANG_WARN_DEPRECATED_OBJC_IMPLEMENTATIONS = YES;
				CLANG_WARN_DIRECT_OBJC_ISA_USAGE = YES_ERROR;
				CLANG_WARN_DOCUMENTATION_COMMENTS = YES;
				CLANG_WARN_EMPTY_BODY = YES;
				CLANG_WARN_ENUM_CONVERSION = YES;
				CLANG_WARN_INFINITE_RECURSION = YES;
				CLANG_WARN_INT_CONVERSION = YES;
				CLANG_WARN_NON_LITERAL_NULL_CONVERSION = YES;
				CLANG_WARN_OBJC_IMPLICIT_RETAIN_SELF = YES;
				CLANG_WARN_OBJC_LITERAL_CONVERSION = YES;
				CLANG_WARN_OBJC_ROOT_CLASS = YES_ERROR;
				CLANG_WARN_QUOTED_INCLUDE_IN_FRAMEWORK_HEADER = YES;
				CLANG_WARN_RANGE_LOOP_ANALYSIS = YES;
				CLANG_WARN_STRICT_PROTOTYPES = YES;
				CLANG_WARN_SUSPICIOUS_MOVE = YES;
				CLANG_WARN_UNGUARDED_AVAILABILITY = YES_AGGRESSIVE;
				CLANG_WARN_UNREACHABLE_CODE = YES;
				CLANG_WARN__DUPLICATE_METHOD_MATCH = YES;
				COPY_PHASE_STRIP = NO;
				DEBUG_INFORMATION_FORMAT = "dwarf-with-dsym";
				ENABLE_NS_ASSERTIONS = NO;
				ENABLE_STRICT_OBJC_MSGSEND = YES;
				GCC_C_LANGUAGE_STANDARD = gnu11;
				GCC_NO_COMMON_BLOCKS = YES;
				GCC_WARN_64_TO_32_BIT_CONVERSION = YES;
				GCC_WARN_ABOUT_RETURN_TYPE = YES_ERROR;
				GCC_WARN_UNDECLARED_SELECTOR = YES;
				GCC_WARN_UNINITIALIZED_AUTOS = YES_AGGRESSIVE;
				GCC_WARN_UNUSED_FUNCTION = YES;
				GCC_WARN_UNUSED_VARIABLE = YES;
				IPHONEOS_DEPLOYMENT_TARGET = 15.4;
				MTL_ENABLE_DEBUG_INFO = NO;
				MTL_FAST_MATH = YES;
				SDKROOT = iphoneos;
				SWIFT_COMPILATION_MODE = wholemodule;
				SWIFT_OPTIMIZATION_LEVEL = "-O";
				VALIDATE_PRODUCT = YES;
			};
			name = Release;
		};
		2BC8F38627FB6E7500C2B92F /* Debug */ = {
			isa = XCBuildConfiguration;
			buildSettings = {
				ASSETCATALOG_COMPILER_APPICON_NAME = AppIcon;
				ASSETCATALOG_COMPILER_GLOBAL_ACCENT_COLOR_NAME = AccentColor;
				CODE_SIGN_STYLE = Automatic;
				CURRENT_PROJECT_VERSION = 1;
				DEVELOPMENT_TEAM = CP322G9YHH;
				GENERATE_INFOPLIST_FILE = YES;
				INFOPLIST_FILE = GTASemanticAudio/Info.plist;
				INFOPLIST_KEY_UIApplicationSupportsIndirectInputEvents = YES;
				INFOPLIST_KEY_UILaunchStoryboardName = LaunchScreen;
				INFOPLIST_KEY_UIMainStoryboardFile = Main;
				INFOPLIST_KEY_UISupportedInterfaceOrientations = "UIInterfaceOrientationLandscapeLeft UIInterfaceOrientationLandscapeRight";
				INFOPLIST_KEY_UISupportedInterfaceOrientations_iPad = "UIInterfaceOrientationPortrait UIInterfaceOrientationPortraitUpsideDown UIInterfaceOrientationLandscapeLeft UIInterfaceOrientationLandscapeRight";
				INFOPLIST_KEY_UISupportedInterfaceOrientations_iPhone = "UIInterfaceOrientationPortrait UIInterfaceOrientationLandscapeLeft UIInterfaceOrientationLandscapeRight";
				LD_RUNPATH_SEARCH_PATHS = (
					"$(inherited)",
					"@executable_path/Frameworks",
				);
				MARKETING_VERSION = 1.0;
				PRODUCT_BUNDLE_IDENTIFIER = com.ikabir.GTASemanticAudio;
				PRODUCT_NAME = "$(TARGET_NAME)";
				SWIFT_EMIT_LOC_STRINGS = YES;
				SWIFT_VERSION = 5.0;
				TARGETED_DEVICE_FAMILY = "1,2";
			};
			name = Debug;
		};
		2BC8F38727FB6E7500C2B92F /* Release */ = {
			isa = XCBuildConfiguration;
			buildSettings = {
				ASSETCATALOG_COMPILER_APPICON_NAME = AppIcon;
				ASSETCATALOG_COMPILER_GLOBAL_ACCENT_COLOR_NAME = AccentColor;
				CODE_SIGN_STYLE = Automatic;
				CURRENT_PROJECT_VERSION = 1;
				DEVELOPMENT_TEAM = CP322G9YHH;
				GENERATE_INFOPLIST_FILE = YES;
				INFOPLIST_FILE = GTASemanticAudio/Info.plist;
				INFOPLIST_KEY_UIApplicationSupportsIndirectInputEvents = YES;
				INFOPLIST_KEY_UILaunchStoryboardName = LaunchScreen;
				INFOPLIST_KEY_UIMainStoryboardFile = Main;
				INFOPLIST_KEY_UISupportedInterfaceOrientations = "UIInterfaceOrientationLandscapeLeft UIInterfaceOrientationLandscapeRight";
				INFOPLIST_KEY_UISupportedInterfaceOrientations_iPad = "UIInterfaceOrientationPortrait UIInterfaceOrientationPortraitUpsideDown UIInterfaceOrientationLandscapeLeft UIInterfaceOrientationLandscapeRight";
				INFOPLIST_KEY_UISupportedInterfaceOrientations_iPhone = "UIInterfaceOrientationPortrait UIInterfaceOrientationLandscapeLeft UIInterfaceOrientationLandscapeRight";
				LD_RUNPATH_SEARCH_PATHS = (
					"$(inherited)",
					"@executable_path/Frameworks",
				);
				MARKETING_VERSION = 1.0;
				PRODUCT_BUNDLE_IDENTIFIER = com.ikabir.GTASemanticAudio;
				PRODUCT_NAME = "$(TARGET_NAME)";
				SWIFT_EMIT_LOC_STRINGS = YES;
				SWIFT_VERSION = 5.0;
				TARGETED_DEVICE_FAMILY = "1,2";
			};
			name = Release;
		};
/* End XCBuildConfiguration section */

/* Begin XCConfigurationList section */
		2BC8F36C27FB6E7400C2B92F /* Build configuration list for PBXProject "GTASemanticAudio" */ = {
			isa = XCConfigurationList;
			buildConfigurations = (
				2BC8F38327FB6E7500C2B92F /* Debug */,
				2BC8F38427FB6E7500C2B92F /* Release */,
			);
			defaultConfigurationIsVisible = 0;
			defaultConfigurationName = Release;
		};
		2BC8F38527FB6E7500C2B92F /* Build configuration list for PBXNativeTarget "GTASemanticAudio" */ = {
			isa = XCConfigurationList;
			buildConfigurations = (
				2BC8F38627FB6E7500C2B92F /* Debug */,
				2BC8F38727FB6E7500C2B92F /* Release */,
			);
			defaultConfigurationIsVisible = 0;
			defaultConfigurationName = Release;
		};
/* End XCConfigurationList section */
	};
	rootObject = 2BC8F36927FB6E7400C2B92F /* Project object */;
}
